
Microsoft Visual Studio Solution File, Format Version 12.00
# Visual Studio 2015
Project("{FAE04EC0-301F-11D3-BF4B-00C04F79EFBC}") = "Pcp.CSharp.Plugins", "Pcp.CSharp.Plugins.csproj", "{298DA222-586C-C08B-1444-91F15E299581}"
EndProject
Project("{FAE04EC0-301F-11D3-BF4B-00C04F79EFBC}") = "Pcp.CSharp", "Pcp.CSharp.csproj", "{5409E03F-0BAB-68F5-14C3-E517948558CF}"
EndProject
Project("{FAE04EC0-301F-11D3-BF4B-00C04F79EFBC}") = "Pcp.CSharp.Editor", "Pcp.CSharp.Editor.csproj", "{68556683-52F8-DC7D-12AF-50CF4B777510}"
EndProject
Global
	GlobalSection(SolutionConfigurationPlatforms) = preSolution
		Debug|Any CPU = Debug|Any CPU
		Release|Any CPU = Release|Any CPU
	EndGlobalSection
	GlobalSection(ProjectConfigurationPlatforms) = postSolution
		{298DA222-586C-C08B-1444-91F15E299581}.Debug|Any CPU.ActiveCfg = Debug|Any CPU
		{298DA222-586C-C08B-1444-91F15E299581}.Debug|Any CPU.Build.0 = Debug|Any CPU
		{298DA222-586C-C08B-1444-91F15E299581}.Release|Any CPU.ActiveCfg = Release|Any CPU
		{298DA222-586C-C08B-1444-91F15E299581}.Release|Any CPU.Build.0 = Release|Any CPU
		{5409E03F-0BAB-68F5-14C3-E517948558CF}.Debug|Any CPU.ActiveCfg = Debug|Any CPU
		{5409E03F-0BAB-68F5-14C3-E517948558CF}.Debug|Any CPU.Build.0 = Debug|Any CPU
		{5409E03F-0BAB-68F5-14C3-E517948558CF}.Release|Any CPU.ActiveCfg = Release|Any CPU
		{5409E03F-0BAB-68F5-14C3-E517948558CF}.Release|Any CPU.Build.0 = Release|Any CPU
		{68556683-52F8-DC7D-12AF-50CF4B777510}.Debug|Any CPU.ActiveCfg = Debug|Any CPU
		{68556683-52F8-DC7D-12AF-50CF4B777510}.Debug|Any CPU.Build.0 = Debug|Any CPU
		{68556683-52F8-DC7D-12AF-50CF4B777510}.Release|Any CPU.ActiveCfg = Release|Any CPU
		{68556683-52F8-DC7D-12AF-50CF4B777510}.Release|Any CPU.Build.0 = Release|Any CPU
	EndGlobalSection
	GlobalSection(SolutionProperties) = preSolution
		HideSolutionNode = FALSE
	EndGlobalSection
EndGlobal
